// !$*UTF8*$!
{
	archiveVersion = 1;
	classes = {
	};
	objectVersion = 50;
	objects = {

/* Begin PBXBuildFile section */
		DF9659DB252C7E6D0097E0A1 /* AppDelegate.swift in Sources */ = {isa = PBXBuildFile; fileRef = DF9659DA252C7E6D0097E0A1 /* AppDelegate.swift */; };
		DF9659DD252C7E6D0097E0A1 /* SceneDelegate.swift in Sources */ = {isa = PBXBuildFile; fileRef = DF9659DC252C7E6D0097E0A1 /* SceneDelegate.swift */; };
		DF9659DF252C7E6D0097E0A1 /* ViewController.swift in Sources */ = {isa = PBXBuildFile; fileRef = DF9659DE252C7E6D0097E0A1 /* ViewController.swift */; };
		DF9659E2252C7E6D0097E0A1 /* Main.storyboard in Resources */ = {isa = PBXBuildFile; fileRef = DF9659E0252C7E6D0097E0A1 /* Main.storyboard */; };
		DF9659E4252C7E6F0097E0A1 /* Assets.xcassets in Resources */ = {isa = PBXBuildFile; fileRef = DF9659E3252C7E6F0097E0A1 /* Assets.xcassets */; };
		DF9659E7252C7E6F0097E0A1 /* LaunchScreen.storyboard in Resources */ = {isa = PBXBuildFile; fileRef = DF9659E5252C7E6F0097E0A1 /* LaunchScreen.storyboard */; };
/* End PBXBuildFile section */

/* Begin PBXFileReference section */
		DF9659D7252C7E6D0097E0A1 /* learning.app */ = {isa = PBXFileReference; explicitFileType = wrapper.application; includeInIndex = 0; path = learning.app; sourceTree = BUILT_PRODUCTS_DIR; };
		DF9659DA252C7E6D0097E0A1 /* AppDelegate.swift */ = {isa = PBXFileReference; lastKnownFileType = sourcecode.swift; path = AppDelegate.swift; sourceTree = "<group>"; };
		DF9659DC252C7E6D0097E0A1 /* SceneDelegate.swift */ = {isa = PBXFileReference; lastKnownFileType = sourcecode.swift; path = SceneDelegate.swift; sourceTree = "<group>"; };
		DF9659DE252C7E6D0097E0A1 /* ViewController.swift */ = {isa = PBXFileReference; lastKnownFileType = sourcecode.swift; path = ViewController.swift; sourceTree = "<group>"; };
		DF9659E1252C7E6D0097E0A1 /* Base */ = {isa = PBXFileReference; lastKnownFileType = file.storyboard; name = Base; path = Base.lproj/Main.storyboard; sourceTree = "<group>"; };
		DF9659E3252C7E6F0097E0A1 /* Assets.xcassets */ = {isa = PBXFileReference; lastKnownFileType = folder.assetcatalog; path = Assets.xcassets; sourceTree = "<group>"; };
		DF9659E6252C7E6F0097E0A1 /* Base */ = {isa = PBXFileReference; lastKnownFileType = file.storyboard; name = Base; path = Base.lproj/LaunchScreen.storyboard; sourceTree = "<group>"; };
		DF9659E8252C7E6F0097E0A1 /* Info.plist */ = {isa = PBXFileReference; lastKnownFileType = text.plist.xml; path = Info.plist; sourceTree = "<group>"; };
/* End PBXFileReference section */

/* Begin PBXFrameworksBuildPhase section */
		DF9659D4252C7E6D0097E0A1 /* Frameworks */ = {
			isa = PBXFrameworksBuildPhase;
			buildActionMask = 2147483647;
			files = (
			);
			runOnlyForDeploymentPostprocessing = 0;
		};
/* End PBXFrameworksBuildPhase section */

/* Begin PBXGroup section */
		DF9659CE252C7E6D0097E0A1 = {
			isa = PBXGroup;
			children = (
				DF9659D9252C7E6D0097E0A1 /* learning */,
				DF9659D8252C7E6D0097E0A1 /* Products */,
			);
			sourceTree = "<group>";
		};
		DF9659D8252C7E6D0097E0A1 /* Products */ = {
			isa = PBXGroup;
			children = (
				DF9659D7252C7E6D0097E0A1 /* learning.app */,
			);
			name = Products;
			sourceTree = "<group>";
		};
		DF9659D9252C7E6D0097E0A1 /* learning */ = {
			isa = PBXGroup;
			children = (
				DF9659DA252C7E6D0097E0A1 /* AppDelegate.swift */,
				DF9659DC252C7E6D0097E0A1 /* SceneDelegate.swift */,
				DF9659DE252C7E6D0097E0A1 /* ViewController.swift */,
				DF9659E0252C7E6D0097E0A1 /* Main.storyboard */,
				DF9659E3252C7E6F0097E0A1 /* Assets.xcassets */,
				DF9659E5252C7E6F0097E0A1 /* LaunchScreen.storyboard */,
				DF9659E8252C7E6F0097E0A1 /* Info.plist */,
			);
			path = learning;
			sourceTree = "<group>";
		};
/* End PBXGroup section */

/* Begin PBXNativeTarget section */
		DF9659D6252C7E6D0097E0A1 /* learning */ = {
			isa = PBXNativeTarget;
			buildConfigurationList = DF9659EB252C7E6F0097E0A1 /* Build configuration list for PBXNativeTarget "learning" */;
			buildPhases = (
				DF9659D3252C7E6D0097E0A1 /* Sources */,
				DF9659D4252C7E6D0097E0A1 /* Frameworks */,
				DF9659D5252C7E6D0097E0A1 /* Resources */,
			);
			buildRules = (
			);
			dependencies = (
			);
			name = learning;
			productName = learning;
			productReference = DF9659D7252C7E6D0097E0A1 /* learning.app */;
			productType = "com.apple.product-type.application";
		};
/* End PBXNativeTarget section */

/* Begin PBXProject section */
		DF9659CF252C7E6D0097E0A1 /* Project object */ = {
			isa = PBXProject;
			attributes = {
				LastSwiftUpdateCheck = 1140;
				LastUpgradeCheck = 1140;
				ORGANIZATIONNAME = com.sample;
				TargetAttributes = {
					DF9659D6252C7E6D0097E0A1 = {
						CreatedOnToolsVersion = 11.4.1;
					};
				};
			};
			buildConfigurationList = DF9659D2252C7E6D0097E0A1 /* Build configuration list for PBXProject "learning" */;
			compatibilityVersion = "Xcode 9.3";
			developmentRegion = en;
			hasScannedForEncodings = 0;
			knownRegions = (
				en,
				Base,
			);
			mainGroup = DF9659CE252C7E6D0097E0A1;
			productRefGroup = DF9659D8252C7E6D0097E0A1 /* Products */;
			projectDirPath = "";
			projectRoot = "";
			targets = (
				DF9659D6252C7E6D0097E0A1 /* learning */,
			);
		};
/* End PBXProject section */

/* Begin PBXResourcesBuildPhase section */
		DF9659D5252C7E6D0097E0A1 /* Resources */ = {
			isa = PBXResourcesBuildPhase;
			buildActionMask = 2147483647;
			files = (
				DF9659E7252C7E6F0097E0A1 /* LaunchScreen.storyboard in Resources */,
				DF9659E4252C7E6F0097E0A1 /* Assets.xcassets in Resources */,
				DF9659E2252C7E6D0097E0A1 /* Main.storyboard in Resources */,
			);
			runOnlyForDeploymentPostprocessing = 0;
		};
/* End PBXResourcesBuildPhase section */

/* Begin PBXSourcesBuildPhase section */
		DF9659D3252C7E6D0097E0A1 /* Sources */ = {
			isa = PBXSourcesBuildPhase;
			buildActionMask = 2147483647;
			files = (
				DF9659DF252C7E6D0097E0A1 /* ViewController.swift in Sources */,
				DF9659DB252C7E6D0097E0A1 /* AppDelegate.swift in Sources */,
				DF9659DD252C7E6D0097E0A1 /* SceneDelegate.swift in Sources */,
			);
			runOnlyForDeploymentPostprocessing = 0;
		};
/* End PBXSourcesBuildPhase section */

/* Begin PBXVariantGroup section */
		DF9659E0252C7E6D0097E0A1 /* Main.storyboard */ = {
			isa = PBXVariantGroup;
			children = (
				DF9659E1252C7E6D0097E0A1 /* Base */,
			);
			name = Main.storyboard;
			sourceTree = "<group>";
		};
		DF9659E5252C7E6F0097E0A1 /* LaunchScreen.storyboard */ = {
			isa = PBXVariantGroup;
			children = (
				DF9659E6252C7E6F0097E0A1 /* Base */,
			);
			name = LaunchScreen.storyboard;
			sourceTree = "<group>";
		};
/* End PBXVariantGroup section */

/* Begin XCBuildConfiguration section */
		DF9659E9252C7E6F0097E0A1 /* Debug */ = {
			isa = XCBuildConfiguration;
			buildSettings = {
				ALWAYS_SEARCH_USER_PATHS = NO;
				CLANG_ANALYZER_NONNULL = YES;
				CLANG_ANALYZER_NUMBER_OBJECT_CONVERSION = YES_AGGRESSIVE;
				CLANG_CXX_LANGUAGE_STANDARD = "gnu++14";
				CLANG_CXX_LIBRARY = "libc++";
				CLANG_ENABLE_MODULES = YES;
				CLANG_ENABLE_OBJC_ARC = YES;
				CLANG_ENABLE_OBJC_WEAK = YES;
				CLANG_WARN_BLOCK_CAPTURE_AUTORELEASING = YES;
				CLANG_WARN_BOOL_CONVERSION = YES;
				CLANG_WARN_COMMA = YES;
				CLANG_WARN_CONSTANT_CONVERSION = YES;
				CLANG_WARN_DEPRECATED_OBJC_IMPLEMENTATIONS = YES;
				CLANG_WARN_DIRECT_OBJC_ISA_USAGE = YES_ERROR;
				CLANG_WARN_DOCUMENTATION_COMMENTS = YES;
				CLANG_WARN_EMPTY_BODY = YES;
				CLANG_WARN_ENUM_CONVERSION = YES;
				CLANG_WARN_INFINITE_RECURSION = YES;
				CLANG_WARN_INT_CONVERSION = YES;
				CLANG_WARN_NON_LITERAL_NULL_CONVERSION = YES;
				CLANG_WARN_OBJC_IMPLICIT_RETAIN_SELF = YES;
				CLANG_WARN_OBJC_LITERAL_CONVERSION = YES;
				CLANG_WARN_OBJC_ROOT_CLASS = YES_ERROR;
				CLANG_WARN_RANGE_LOOP_ANALYSIS = YES;
				CLANG_WARN_STRICT_PROTOTYPES = YES;
				CLANG_WARN_SUSPICIOUS_MOVE = YES;
				CLANG_WARN_UNGUARDED_AVAILABILITY = YES_AGGRESSIVE;
				CLANG_WARN_UNREACHABLE_CODE = YES;
				CLANG_WARN__DUPLICATE_METHOD_MATCH = YES;
				COPY_PHASE_STRIP = NO;
				DEBUG_INFORMATION_FORMAT = dwarf;
				ENABLE_STRICT_OBJC_MSGSEND = YES;
				ENABLE_TESTABILITY = YES;
				GCC_C_LANGUAGE_STANDARD = gnu11;
				GCC_DYNAMIC_NO_PIC = NO;
				GCC_NO_COMMON_BLOCKS = YES;
				GCC_OPTIMIZATION_LEVEL = 0;
				GCC_PREPROCESSOR_DEFINITIONS = (
					"DEBUG=1",
					"$(inherited)",
				);
				GCC_WARN_64_TO_32_BIT_CONVERSION = YES;
				GCC_WARN_ABOUT_RETURN_TYPE = YES_ERROR;
				GCC_WARN_UNDECLARED_SELECTOR = YES;
				GCC_WARN_UNINITIALIZED_AUTOS = YES_AGGRESSIVE;
				GCC_WARN_UNUSED_FUNCTION = YES;
				GCC_WARN_UNUSED_VARIABLE = YES;
				IPHONEOS_DEPLOYMENT_TARGET = 13.4;
				MTL_ENABLE_DEBUG_INFO = INCLUDE_SOURCE;
				MTL_FAST_MATH = YES;
				ONLY_ACTIVE_ARCH = YES;
				SDKROOT = iphoneos;
				SWIFT_ACTIVE_COMPILATION_CONDITIONS = DEBUG;
				SWIFT_OPTIMIZATION_LEVEL = "-Onone";
			};
			name = Debug;
		};
		DF9659EA252C7E6F0097E0A1 /* Release */ = {
			isa = XCBuildConfiguration;
			buildSettings = {
				ALWAYS_SEARCH_USER_PATHS = NO;
				CLANG_ANALYZER_NONNULL = YES;
				CLANG_ANALYZER_NUMBER_OBJECT_CONVERSION = YES_AGGRESSIVE;
				CLANG_CXX_LANGUAGE_STANDARD = "gnu++14";
				CLANG_CXX_LIBRARY = "libc++";
				CLANG_ENABLE_MODULES = YES;
				CLANG_ENABLE_OBJC_ARC = YES;
				CLANG_ENABLE_OBJC_WEAK = YES;
				CLANG_WARN_BLOCK_CAPTURE_AUTORELEASING = YES;
				CLANG_WARN_BOOL_CONVERSION = YES;
				CLANG_WARN_COMMA = YES;
				CLANG_WARN_CONSTANT_CONVERSION = YES;
				CLANG_WARN_DEPRECATED_OBJC_IMPLEMENTATIONS = YES;
				CLANG_WARN_DIRECT_OBJC_ISA_USAGE = YES_ERROR;
				CLANG_WARN_DOCUMENTATION_COMMENTS = YES;
				CLANG_WARN_EMPTY_BODY = YES;
				CLANG_WARN_ENUM_CONVERSION = YES;
				CLANG_WARN_INFINITE_RECURSION = YES;
				CLANG_WARN_INT_CONVERSION = YES;
				CLANG_WARN_NON_LITERAL_NULL_CONVERSION = YES;
				CLANG_WARN_OBJC_IMPLICIT_RETAIN_SELF = YES;
				CLANG_WARN_OBJC_LITERAL_CONVERSION = YES;
				CLANG_WARN_OBJC_ROOT_CLASS = YES_ERROR;
				CLANG_WARN_RANGE_LOOP_ANALYSIS = YES;
				CLANG_WARN_STRICT_PROTOTYPES = YES;
				CLANG_WARN_SUSPICIOUS_MOVE = YES;
				CLANG_WARN_UNGUARDED_AVAILABILITY = YES_AGGRESSIVE;
				CLANG_WARN_UNREACHABLE_CODE = YES;
				CLANG_WARN__DUPLICATE_METHOD_MATCH = YES;
				COPY_PHASE_STRIP = NO;
				DEBUG_INFORMATION_FORMAT = "dwarf-with-dsym";
				ENABLE_NS_ASSERTIONS = NO;
				ENABLE_STRICT_OBJC_MSGSEND = YES;
				GCC_C_LANGUAGE_STANDARD = gnu11;
				GCC_NO_COMMON_BLOCKS = YES;
				GCC_WARN_64_TO_32_BIT_CONVERSION = YES;
				GCC_WARN_ABOUT_RETURN_TYPE = YES_ERROR;
				GCC_WARN_UNDECLARED_SELECTOR = YES;
				GCC_WARN_UNINITIALIZED_AUTOS = YES_AGGRESSIVE;
				GCC_WARN_UNUSED_FUNCTION = YES;
				GCC_WARN_UNUSED_VARIABLE = YES;
				IPHONEOS_DEPLOYMENT_TARGET = 13.4;
				MTL_ENABLE_DEBUG_INFO = NO;
				MTL_FAST_MATH = YES;
				SDKROOT = iphoneos;
				SWIFT_COMPILATION_MODE = wholemodule;
				SWIFT_OPTIMIZATION_LEVEL = "-O";
				VALIDATE_PRODUCT = YES;
			};
			name = Release;
		};
		DF9659EC252C7E6F0097E0A1 /* Debug */ = {
			isa = XCBuildConfiguration;
			buildSettings = {
				ASSETCATALOG_COMPILER_APPICON_NAME = AppIcon;
				CODE_SIGN_STYLE = Automatic;
				DEVELOPMENT_TEAM = 48689QGL3Z;
				INFOPLIST_FILE = learning/Info.plist;
				LD_RUNPATH_SEARCH_PATHS = (
					"$(inherited)",
					"@executable_path/Frameworks",
				);
				PRODUCT_BUNDLE_IDENTIFIER = sample.learning;
				PRODUCT_NAME = "$(TARGET_NAME)";
				SWIFT_VERSION = 5.0;
				TARGETED_DEVICE_FAMILY = "1,2";
			};
			name = Debug;
		};
		DF9659ED252C7E6F0097E0A1 /* Release */ = {
			isa = XCBuildConfiguration;
			buildSettings = {
				ASSETCATALOG_COMPILER_APPICON_NAME = AppIcon;
				CODE_SIGN_STYLE = Automatic;
				DEVELOPMENT_TEAM = 48689QGL3Z;
				INFOPLIST_FILE = learning/Info.plist;
				LD_RUNPATH_SEARCH_PATHS = (
					"$(inherited)",
					"@executable_path/Frameworks",
				);
				PRODUCT_BUNDLE_IDENTIFIER = sample.learning;
				PRODUCT_NAME = "$(TARGET_NAME)";
				SWIFT_VERSION = 5.0;
				TARGETED_DEVICE_FAMILY = "1,2";
			};
			name = Release;
		};
/* End XCBuildConfiguration section */

/* Begin XCConfigurationList section */
		DF9659D2252C7E6D0097E0A1 /* Build configuration list for PBXProject "learning" */ = {
			isa = XCConfigurationList;
			buildConfigurations = (
				DF9659E9252C7E6F0097E0A1 /* Debug */,
				DF9659EA252C7E6F0097E0A1 /* Release */,
			);
			defaultConfigurationIsVisible = 0;
			defaultConfigurationName = Release;
		};
		DF9659EB252C7E6F0097E0A1 /* Build configuration list for PBXNativeTarget "learning" */ = {
			isa = XCConfigurationList;
			buildConfigurations = (
				DF9659EC252C7E6F0097E0A1 /* Debug */,
				DF9659ED252C7E6F0097E0A1 /* Release */,
			);
			defaultConfigurationIsVisible = 0;
			defaultConfigurationName = Release;
		};
/* End XCConfigurationList section */
	};
	rootObject = DF9659CF252C7E6D0097E0A1 /* Project object */;
}
